
Microsoft Visual Studio Solution File, Format Version 12.00
# Visual Studio Version 17
VisualStudioVersion = 17.14.36518.9 d17.14
MinimumVisualStudioVersion = 10.0.40219.1
Project("{FAE04EC0-301F-11D3-BF4B-00C04F79EFBC}") = "ExampleAPI", "ExampleAPI\ExampleAPI.csproj", "{7D8566CF-C1CA-45B7-8930-A54FDCFF9EB8}"
EndProject
Global
	GlobalSection(SolutionConfigurationPlatforms) = preSolution
		Debug|Any CPU = Debug|Any CPU
		Release|Any CPU = Release|Any CPU
	EndGlobalSection
	GlobalSection(ProjectConfigurationPlatforms) = postSolution
		{7D8566CF-C1CA-45B7-8930-A54FDCFF9EB8}.Debug|Any CPU.ActiveCfg = Debug|Any CPU
		{7D8566CF-C1CA-45B7-8930-A54FDCFF9EB8}.Debug|Any CPU.Build.0 = Debug|Any CPU
		{7D8566CF-C1CA-45B7-8930-A54FDCFF9EB8}.Release|Any CPU.ActiveCfg = Release|Any CPU
		{7D8566CF-C1CA-45B7-8930-A54FDCFF9EB8}.Release|Any CPU.Build.0 = Release|Any CPU
	EndGlobalSection
	GlobalSection(SolutionProperties) = preSolution
		HideSolutionNode = FALSE
	EndGlobalSection
	GlobalSection(ExtensibilityGlobals) = postSolution
		SolutionGuid = {01F304C3-B3CD-43C2-8F9A-8B566916BC66}
	EndGlobalSection
EndGlobal
